{
  "version": "2",
  "remote": {
    "https://deno.land/std@0.148.0/_util/assert.ts": "e94f2eb37cebd7f199952e242c77654e43333c1ac4c5c700e929ea3aa5489f74",
    "https://deno.land/std@0.158.0/fmt/colors.ts": "ff7dc9c9f33a72bd48bc24b21bbc1b4545d8494a431f17894dbc5fe92a938fc4",
    "https://deno.land/std@0.158.0/testing/_diff.ts": "a23e7fc2b4d8daa3e158fa06856bedf5334ce2a2831e8bf9e509717f455adb2c",
    "https://deno.land/std@0.158.0/testing/_format.ts": "cd11136e1797791045e639e9f0f4640d5b4166148796cad37e6ef75f7d7f3832",
    "https://deno.land/std@0.158.0/testing/asserts.ts": "8696c488bc98d8d175e74dc652a0ffbc7fca93858da01edc57ed33c1148345da",
    "https://deno.land/std@0.188.0/async/abortable.ts": "fd682fa46f3b7b16b4606a5ab52a7ce309434b76f820d3221bdfb862719a15d7",
    "https://deno.land/std@0.188.0/async/deadline.ts": "58f72a3cc0fcb731b2cc055ba046f4b5be3349ff6bf98f2e793c3b969354aab2",
    "https://deno.land/std@0.188.0/async/debounce.ts": "adab11d04ca38d699444ac8a9d9856b4155e8dda2afd07ce78276c01ea5a4332",
    "https://deno.land/std@0.188.0/async/deferred.ts": "42790112f36a75a57db4a96d33974a936deb7b04d25c6084a9fa8a49f135def8",
    "https://deno.land/std@0.188.0/async/delay.ts": "73aa04cec034c84fc748c7be49bb15cac3dd43a57174bfdb7a4aec22c248f0dd",
    "https://deno.land/std@0.188.0/async/mod.ts": "f04344fa21738e5ad6bea37a6bfffd57c617c2d372bb9f9dcfd118a1b622e576",
    "https://deno.land/std@0.188.0/async/mux_async_iterator.ts": "70c7f2ee4e9466161350473ad61cac0b9f115cff4c552eaa7ef9d50c4cbb4cc9",
    "https://deno.land/std@0.188.0/async/pool.ts": "f1b8d3df4d7fd3c73f8cbc91cc2e8b8e950910f1eab94230b443944d7584c657",
    "https://deno.land/std@0.188.0/async/retry.ts": "dd19d93033d8eaddbfcb7654c0366e9d3b0a21448bdb06eba4a7d8a8cf936a92",
    "https://deno.land/std@0.188.0/async/tee.ts": "47e42d35f622650b02234d43803d0383a89eb4387e1b83b5a40106d18ae36757",
    "https://deno.land/std@0.188.0/http/server.ts": "1b23463b5b36e4eebc495417f6af47a6f7d52e3294827a1226d2a1aab23d9d20",
    "https://deno.land/std@0.190.0/_util/asserts.ts": "178dfc49a464aee693a7e285567b3d0b555dc805ff490505a8aae34f9cfb1462",
    "https://deno.land/std@0.190.0/_util/os.ts": "d932f56d41e4f6a6093d56044e29ce637f8dcc43c5a90af43504a889cf1775e3",
    "https://deno.land/std@0.190.0/async/abortable.ts": "fd682fa46f3b7b16b4606a5ab52a7ce309434b76f820d3221bdfb862719a15d7",
    "https://deno.land/std@0.190.0/async/deadline.ts": "58f72a3cc0fcb731b2cc055ba046f4b5be3349ff6bf98f2e793c3b969354aab2",
    "https://deno.land/std@0.190.0/async/debounce.ts": "adab11d04ca38d699444ac8a9d9856b4155e8dda2afd07ce78276c01ea5a4332",
    "https://deno.land/std@0.190.0/async/deferred.ts": "42790112f36a75a57db4a96d33974a936deb7b04d25c6084a9fa8a49f135def8",
    "https://deno.land/std@0.190.0/async/delay.ts": "73aa04cec034c84fc748c7be49bb15cac3dd43a57174bfdb7a4aec22c248f0dd",
    "https://deno.land/std@0.190.0/async/mod.ts": "f04344fa21738e5ad6bea37a6bfffd57c617c2d372bb9f9dcfd118a1b622e576",
    "https://deno.land/std@0.190.0/async/mux_async_iterator.ts": "70c7f2ee4e9466161350473ad61cac0b9f115cff4c552eaa7ef9d50c4cbb4cc9",
    "https://deno.land/std@0.190.0/async/pool.ts": "f1b8d3df4d7fd3c73f8cbc91cc2e8b8e950910f1eab94230b443944d7584c657",
    "https://deno.land/std@0.190.0/async/retry.ts": "c9248325ec08cc2cceb7618472e77589a51a25cee460e07b6096be34966c2ead",
    "https://deno.land/std@0.190.0/async/tee.ts": "47e42d35f622650b02234d43803d0383a89eb4387e1b83b5a40106d18ae36757",
    "https://deno.land/std@0.190.0/collections/_utils.ts": "5114abc026ddef71207a79609b984614e66a63a4bda17d819d56b0e72c51527e",
    "https://deno.land/std@0.190.0/collections/deep_merge.ts": "5a8ed29030f4471a5272785c57c3455fa79697b9a8f306013a8feae12bafc99a",
    "https://deno.land/std@0.190.0/encoding/base64.ts": "144ae6234c1fbe5b68666c711dc15b1e9ee2aef6d42b3b4345bf9a6c91d70d0d",
    "https://deno.land/std@0.190.0/flags/mod.ts": "17f444ddbee43c5487568de0c6a076c7729cfe90d96d2ffcd2b8f8adadafb6e8",
    "https://deno.land/std@0.190.0/fmt/bytes.ts": "f29cf69e0791d375f9f5d94ae1f0641e5a03b975f32ddf86d70f70fdf37e7b6a",
    "https://deno.land/std@0.190.0/fmt/colors.ts": "d67e3cd9f472535241a8e410d33423980bec45047e343577554d3356e1f0ef4e",
    "https://deno.land/std@0.190.0/http/etag.ts": "6ad8abbbb1045aabf2307959a2c5565054a8bf01c9824ddee836b1ff22706a58",
    "https://deno.land/std@0.190.0/http/file_server.ts": "fd99a7a0e1ac6f80873b1f812aa30ac64f96663971d061ced3a4d10b65048efe",
    "https://deno.land/std@0.190.0/http/http_status.ts": "8a7bcfe3ac025199ad804075385e57f63d055b2aed539d943ccc277616d6f932",
    "https://deno.land/std@0.190.0/http/server.ts": "1b23463b5b36e4eebc495417f6af47a6f7d52e3294827a1226d2a1aab23d9d20",
    "https://deno.land/std@0.190.0/http/util.ts": "57bf151c8d4388bbd56ed01ece1720934252adc6f859f782392927f0f78964c0",
    "https://deno.land/std@0.190.0/media_types/_db.ts": "7606d83e31f23ce1a7968cbaee852810c2cf477903a095696cdc62eaab7ce570",
    "https://deno.land/std@0.190.0/media_types/_util.ts": "916efbd30b6148a716f110e67a4db29d6949bf4048997b754415dd7e42c52378",
    "https://deno.land/std@0.190.0/media_types/content_type.ts": "ad98a5aa2d95f5965b2796072284258710a25e520952376ed432b0937ce743bc",
    "https://deno.land/std@0.190.0/media_types/format_media_type.ts": "f5e1073c05526a6f5a516ac5c5587a1abd043bf1039c71cde1166aa4328c8baf",
    "https://deno.land/std@0.190.0/media_types/get_charset.ts": "18b88274796fda5d353806bf409eb1d2ddb3f004eb4bd311662c4cdd8ac173db",
    "https://deno.land/std@0.190.0/media_types/parse_media_type.ts": "835c4112e1357e95b4f10d7cdea5ae1801967e444f48673ff8f1cb4d32af9920",
    "https://deno.land/std@0.190.0/media_types/type_by_extension.ts": "daa801eb0f11cdf199445d0f1b656cf116d47dcf9e5b85cc1e6b4469f5ee0432",
    "https://deno.land/std@0.190.0/media_types/vendor/mime-db.v1.52.0.ts": "6925bbcae81ca37241e3f55908d0505724358cda3384eaea707773b2c7e99586",
    "https://deno.land/std@0.190.0/path/_constants.ts": "e49961f6f4f48039c0dfed3c3f93e963ca3d92791c9d478ac5b43183413136e0",
    "https://deno.land/std@0.190.0/path/_interface.ts": "6471159dfbbc357e03882c2266d21ef9afdb1e4aa771b0545e90db58a0ba314b",
    "https://deno.land/std@0.190.0/path/_util.ts": "d7abb1e0dea065f427b89156e28cdeb32b045870acdf865833ba808a73b576d0",
    "https://deno.land/std@0.190.0/path/common.ts": "ee7505ab01fd22de3963b64e46cff31f40de34f9f8de1fff6a1bd2fe79380000",
    "https://deno.land/std@0.190.0/path/glob.ts": "d479e0a695621c94d3fd7fe7abd4f9499caf32a8de13f25073451c6ef420a4e1",
    "https://deno.land/std@0.190.0/path/mod.ts": "ee161baec5ded6510ee1d1fb6a75a0f5e4b41f3f3301c92c716ecbdf7dae910d",
    "https://deno.land/std@0.190.0/path/posix.ts": "8b7c67ac338714b30c816079303d0285dd24af6b284f7ad63da5b27372a2c94d",
    "https://deno.land/std@0.190.0/path/separator.ts": "0fb679739d0d1d7bf45b68dacfb4ec7563597a902edbaf3c59b50d5bcadd93b1",
    "https://deno.land/std@0.190.0/path/win32.ts": "d186344e5583bcbf8b18af416d13d82b35a317116e6460a5a3953508c3de5bba",
    "https://deno.land/std@0.190.0/streams/byte_slice_stream.ts": "225d57263a34325d7c96cb3dafeb478eec0e6fd05cd0458d678752eadd132bb4",
    "https://deno.land/std@0.190.0/version.ts": "c3fdbeb886289441c29bb900612bb35815659717391f631be2c14a34fca40c52",
    "https://deno.land/x/continuation@0.1.5/mod.ts": "690def2735046367b3e1b4bc6e51b5912f2ed09c41c7df7a55c060f23720ad33",
    "https://deno.land/x/effection@3.0.0-alpha.9/lib/abort-signal.ts": "31224b5f61f1ef58a2acf72bfc1cb9c9bf589f15c263b6555eb06f1b49f77b54",
    "https://deno.land/x/effection@3.0.0-alpha.9/lib/async.ts": "3e007ef245abb240de07029f523c7ef74b9bc383db5716f89d261a5150295777",
    "https://deno.land/x/effection@3.0.0-alpha.9/lib/call.ts": "69c465573031e6315e375c17e01e820239e01a93107866dd9f5ef584b79d13dd",
    "https://deno.land/x/effection@3.0.0-alpha.9/lib/channel.ts": "405659d3453dcc0e3ac4190c38bf9a1140f0a4ef4981985ce3564c7aadba67e9",
    "https://deno.land/x/effection@3.0.0-alpha.9/lib/context.ts": "7d17fcb2fe432eb6da2eeabc425deeac0855d9efd7f2856bdda0a24d62a97968",
    "https://deno.land/x/effection@3.0.0-alpha.9/lib/deps.ts": "91062b4b97089a8cf36550d4f9605d325a0fd19bebc72d15524481a3b56ea669",
    "https://deno.land/x/effection@3.0.0-alpha.9/lib/events.ts": "787b666c5f9fcb8b175a9bcbfdabbfb7b1283da35163fd1f75caf11dd96c2fc0",
    "https://deno.land/x/effection@3.0.0-alpha.9/lib/filter.ts": "ad3ba0ce59923306620da410393c8f248fb9885a55c8cbd1f3670521cd96cc68",
    "https://deno.land/x/effection@3.0.0-alpha.9/lib/first.ts": "6dfacc67b5c6b11bf1df1cf272491ed24a88431ea2eb8a36216b848fbfbe2e8e",
    "https://deno.land/x/effection@3.0.0-alpha.9/lib/future.ts": "7800fde82168c9be4644ec9d2fe532b35a8300baf34a8e1673c6fe6067365bfc",
    "https://deno.land/x/effection@3.0.0-alpha.9/lib/instructions.ts": "c2f99e6a85d9c67896d2980293fb3183aa101bb86eea057322077dd6db0906d6",
    "https://deno.land/x/effection@3.0.0-alpha.9/lib/lazy.ts": "92ea526c5ad7d88290f2a87168e038d482f97421379508d85cf2e049ee60639b",
    "https://deno.land/x/effection@3.0.0-alpha.9/lib/log.ts": "312b6fb4226be5554b945bc9eb7b05ed7b2dd53dd139ca86971bef256eb78997",
    "https://deno.land/x/effection@3.0.0-alpha.9/lib/main.ts": "da8ad0b03e6b49a6fd05da8ad1ce5a2d477a9ee75e2ff3f0a37f19b264797289",
    "https://deno.land/x/effection@3.0.0-alpha.9/lib/map.ts": "26184b51211c87e37396f336c7a8212ea46d9fdea210df208127a6394eee69f9",
    "https://deno.land/x/effection@3.0.0-alpha.9/lib/mod.ts": "5fe0f3ac29c64e13f3692c78b0c1a7b2565d67051c7ca87d8f9d6a652a218841",
    "https://deno.land/x/effection@3.0.0-alpha.9/lib/op.ts": "483465a66fb9fa7529eb8cafbaf94c085b1a5e72876e5d34e44cd4f875b2141b",
    "https://deno.land/x/effection@3.0.0-alpha.9/lib/pipe.ts": "4a28fa93a1ba53661bafb84265f3fcb5614920bbecc0db1c261e1093da3b2cdf",
    "https://deno.land/x/effection@3.0.0-alpha.9/lib/result.ts": "41414d8f376f73c95483982fe81fe9c256a6d836f9b2e4ae31d1a6fc09dec69d",
    "https://deno.land/x/effection@3.0.0-alpha.9/lib/run.ts": "5c1eb89e19246ee4d47ec55c1b7b88842366151c1caabd5f3144b3d59e9d30db",
    "https://deno.land/x/effection@3.0.0-alpha.9/lib/run/block.ts": "41b5e6ba7b80de347589b886e2a414a720b041853e625c6a35ff5d74bb5476f7",
    "https://deno.land/x/effection@3.0.0-alpha.9/lib/run/create.ts": "be9139af2fbe15908256d2d159dec8dca079f94cf02d488074c94fa26fc651fa",
    "https://deno.land/x/effection@3.0.0-alpha.9/lib/run/event-stream.ts": "8c6d40bf315652535a85aa02a61256678dc4e537a4fb436fbe5fecdad794c076",
    "https://deno.land/x/effection@3.0.0-alpha.9/lib/run/frame.ts": "5f3cdd85833e32d94d24da76a2ca584af0a9d60abbe43300beb7cda71250cfda",
    "https://deno.land/x/effection@3.0.0-alpha.9/lib/run/scope.ts": "5c406a4230bd4f4613fdccfa58c69c61b500222a83d92829596b3cc67990427d",
    "https://deno.land/x/effection@3.0.0-alpha.9/lib/sleep.ts": "d7000c05ace8143efd80f1e35243f5521316bc334e4051afe692e1a0c7268304",
    "https://deno.land/x/effection@3.0.0-alpha.9/lib/types.ts": "3eab26c41d8d49cf7a60c433805601e889e814e8c7e0cd1db26a8df48611146f",
    "https://deno.land/x/effection@3.0.0-alpha.9/mod.ts": "ffae461c16d4a1bf24c2179582ab8d5c81ad0df61e4ae2fba51ef5e5bdf90345",
    "https://deno.land/x/hastx@v0.0.6/jsx-runtime.ts": "5e1db59ceea4834b8d248a018a5adfc73a09922d8dcdaa3a3bb228c884da0f6c",
    "https://esm.sh/@twind/core@1.1.3": "eb54e33d3e11b73c55b3afc4f0d5789bcf9256e8bb7e0632a41e1e356c540a8b",
    "https://esm.sh/@twind/preset-tailwind@1.1.4": "42f5bca505f88bb2f852def458f469094715341dffa071203a24605f4839ed4f",
    "https://esm.sh/@twind/preset-typography@1.0.7": "8a1cb141fa1a39a37cc451f95f4ff2809050578c95fb7ea353458f080f3bf49f",
    "https://esm.sh/hast-util-to-html@8.0.4": "e6cd27b70c4b56ac8a173858692dd3004a2410d8bbcf9f36a4ce1782d37124b4",
    "https://esm.sh/route-recognizer@0.3.4": "e00460e247dc0a4cda510ed6d574695bd44d23664375dbc7a123e52766005787",
    "https://esm.sh/v130/@twind/core@1.1.3/denonext/core.mjs": "c2618087a5d5cc406c7dc1079015f4d7cc874bee167f74e9945694896d907b6d",
    "https://esm.sh/v130/@twind/preset-tailwind@1.1.4/denonext/base.js": "694aeff76d73e5a2d918e0ea39ba2fed8b65d4833f9c6ac5c95973a5410e0c54",
    "https://esm.sh/v130/@twind/preset-tailwind@1.1.4/denonext/baseTheme.js": "48ced918d6ee3053d109b85c3c0a986d9514e31e7de92126c2a21265633fdaf8",
    "https://esm.sh/v130/@twind/preset-tailwind@1.1.4/denonext/preflight.js": "a73968d4725fc67aa7ad40c5177a9cf1f2799d28a6be3e148499d4ac6b924b4b",
    "https://esm.sh/v130/@twind/preset-tailwind@1.1.4/denonext/preset-tailwind.mjs": "1c99a746e7cee5dfcebb67a9862b1ccfde59978e61c730d0e3be668de44b1f65",
    "https://esm.sh/v130/@twind/preset-tailwind@1.1.4/denonext/rules.js": "4533ed26d2c2cc4915737815bcb44ae209969d469969af35d5d2e8f2f52546c1",
    "https://esm.sh/v130/@twind/preset-tailwind@1.1.4/denonext/variants.js": "8e250a1e73f6ae3b37029816b8f5a68131cade2d66252793635c09105034769f",
    "https://esm.sh/v130/@twind/preset-typography@1.0.7/denonext/preset-typography.mjs": "b19df8e2db0838ad6d064aff5a1c23c298c3b780ce70bf5dd408bef38057f19c",
    "https://esm.sh/v130/ccount@2.0.1/denonext/ccount.mjs": "7b32092651a866fcc992c028982ce5e911356da7653baa3febb1a8ccb93e30f8",
    "https://esm.sh/v130/character-entities-html4@2.1.0/denonext/character-entities-html4.mjs": "0b4e64d1b0152acbeec6d854eadce6ceb2de05b0f459ad47485afa206f745f10",
    "https://esm.sh/v130/character-entities-legacy@3.0.0/denonext/character-entities-legacy.mjs": "5da76ada1554e4956dc6b702ba92b56a3faf158b24bf45279c522e85f5d9cd21",
    "https://esm.sh/v130/comma-separated-tokens@2.0.3/denonext/comma-separated-tokens.mjs": "ad5df8a36487e0a63d15bbbb6bab8b153e08583d0d5eb6d0058cd0fc619252e0",
    "https://esm.sh/v130/hast-util-to-html@8.0.4/denonext/hast-util-to-html.mjs": "4fab7c60e26520389f1f4f3ab96c294b91f519181938004c4326cb09c1f1d389",
    "https://esm.sh/v130/hast-util-whitespace@2.0.1/denonext/hast-util-whitespace.mjs": "0d45cf1a1b1d7ba26d5a3f2fda8c929b02ef701786e656ade327d8c3f7b390bb",
    "https://esm.sh/v130/html-void-elements@2.0.1/denonext/html-void-elements.mjs": "10f57d4f9d680bf2de32538d6aaf879f20d4ee02dd57879aa232319d6c984f54",
    "https://esm.sh/v130/property-information@6.2.0/denonext/property-information.mjs": "c36042799161605d2ba2af318abf697a41e77e7ef5c80f5740de470db7776b9c",
    "https://esm.sh/v130/route-recognizer@0.3.4/denonext/route-recognizer.mjs": "d4415e5a497f83961469c77da2f16335b4cff4df362b16e4315bb5ccf2b3b1db",
    "https://esm.sh/v130/space-separated-tokens@2.0.2/denonext/space-separated-tokens.mjs": "f30773a9959cacfe7511c250e5d125a9f88ee00d3aef6e87b4d17fe49806b276",
    "https://esm.sh/v130/stringify-entities@4.0.3/denonext/stringify-entities.mjs": "86bd540c7d057b4907424f9848969af84d635ff5e187b57c18d015c0d96c91dc",
    "https://esm.sh/v130/zwitch@2.0.4/denonext/zwitch.mjs": "c0e8c246a1f38b425335ea78cc366a7801d3ef89701229a35f85a51310e6e49f"
  }
}
